
Microsoft Visual Studio Solution File, Format Version 12.00
# Visual Studio Version 17
VisualStudioVersion = 17.3.32901.215
MinimumVisualStudioVersion = 10.0.40219.1
Project("{FAE04EC0-301F-11D3-BF4B-00C04F79EFBC}") = "Individual Assignment 11", "Individual Assignment 11\Individual Assignment 11.csproj", "{B998ECBC-281B-46A3-ABC9-682E952E21AA}"
EndProject
Global
	GlobalSection(SolutionConfigurationPlatforms) = preSolution
		Debug|Any CPU = Debug|Any CPU
		Release|Any CPU = Release|Any CPU
	EndGlobalSection
	GlobalSection(ProjectConfigurationPlatforms) = postSolution
		{B998ECBC-281B-46A3-ABC9-682E952E21AA}.Debug|Any CPU.ActiveCfg = Debug|Any CPU
		{B998ECBC-281B-46A3-ABC9-682E952E21AA}.Debug|Any CPU.Build.0 = Debug|Any CPU
		{B998ECBC-281B-46A3-ABC9-682E952E21AA}.Release|Any CPU.ActiveCfg = Release|Any CPU
		{B998ECBC-281B-46A3-ABC9-682E952E21AA}.Release|Any CPU.Build.0 = Release|Any CPU
	EndGlobalSection
	GlobalSection(SolutionProperties) = preSolution
		HideSolutionNode = FALSE
	EndGlobalSection
	GlobalSection(ExtensibilityGlobals) = postSolution
		SolutionGuid = {35F81276-0DCB-49BB-A235-CAAFDC52CD6A}
	EndGlobalSection
EndGlobal
